
Microsoft Visual Studio Solution File, Format Version 12.00
# Visual Studio Version 16
VisualStudioVersion = 16.0.30717.126
MinimumVisualStudioVersion = 10.0.40219.1
Project("{FAE04EC0-301F-11D3-BF4B-00C04F79EFBC}") = "ToolSolution", "ToolSolution\ToolSolution.csproj", "{56D0BC41-7D81-4926-8EA2-789406F81CF5}"
EndProject
Project("{2150E333-8FDC-42A3-9474-1A3956D46DE8}") = "Solution Items", "Solution Items", "{CB6ED358-B9EC-4178-AEE3-818E2AE33AD8}"
	ProjectSection(SolutionItems) = preProject
		.editorconfig = .editorconfig
	EndProjectSection
EndProject
Project("{FAE04EC0-301F-11D3-BF4B-00C04F79EFBC}") = "ADBHelper", "ADBHelper\ADBHelper.csproj", "{3054FCCC-1432-45A8-8081-C76FA465FB49}"
EndProject
Project("{FAE04EC0-301F-11D3-BF4B-00C04F79EFBC}") = "MesHelp", "MesHelp\MesHelp.csproj", "{450ED05D-C34B-447A-9DE0-A68FBF13981E}"
EndProject
Project("{FAE04EC0-301F-11D3-BF4B-00C04F79EFBC}") = "SerialHelper", "SerialHelper\SerialHelper.csproj", "{D3B0D6E9-5FC8-4963-A312-BE7AA93E0EC7}"
EndProject
Project("{FAE04EC0-301F-11D3-BF4B-00C04F79EFBC}") = "NFCHelper", "NFCHelper\NFCHelper.csproj", "{847A1B31-C33C-48EB-B376-79F85DF004AE}"
EndProject
Project("{FAE04EC0-301F-11D3-BF4B-00C04F79EFBC}") = "QLIBHelper", "QLIBHelper\QLIBHelper.csproj", "{B9F4C376-A66A-4776-8617-D339DDC60A61}"
EndProject
Global
	GlobalSection(SolutionConfigurationPlatforms) = preSolution
		Debug|Any CPU = Debug|Any CPU
		Release|Any CPU = Release|Any CPU
	EndGlobalSection
	GlobalSection(ProjectConfigurationPlatforms) = postSolution
		{56D0BC41-7D81-4926-8EA2-789406F81CF5}.Debug|Any CPU.ActiveCfg = Debug|Any CPU
		{56D0BC41-7D81-4926-8EA2-789406F81CF5}.Debug|Any CPU.Build.0 = Debug|Any CPU
		{56D0BC41-7D81-4926-8EA2-789406F81CF5}.Release|Any CPU.ActiveCfg = Release|Any CPU
		{56D0BC41-7D81-4926-8EA2-789406F81CF5}.Release|Any CPU.Build.0 = Release|Any CPU
		{3054FCCC-1432-45A8-8081-C76FA465FB49}.Debug|Any CPU.ActiveCfg = Debug|Any CPU
		{3054FCCC-1432-45A8-8081-C76FA465FB49}.Debug|Any CPU.Build.0 = Debug|Any CPU
		{3054FCCC-1432-45A8-8081-C76FA465FB49}.Release|Any CPU.ActiveCfg = Release|Any CPU
		{3054FCCC-1432-45A8-8081-C76FA465FB49}.Release|Any CPU.Build.0 = Release|Any CPU
		{450ED05D-C34B-447A-9DE0-A68FBF13981E}.Debug|Any CPU.ActiveCfg = Debug|Any CPU
		{450ED05D-C34B-447A-9DE0-A68FBF13981E}.Debug|Any CPU.Build.0 = Debug|Any CPU
		{450ED05D-C34B-447A-9DE0-A68FBF13981E}.Release|Any CPU.ActiveCfg = Release|Any CPU
		{450ED05D-C34B-447A-9DE0-A68FBF13981E}.Release|Any CPU.Build.0 = Release|Any CPU
		{D3B0D6E9-5FC8-4963-A312-BE7AA93E0EC7}.Debug|Any CPU.ActiveCfg = Debug|Any CPU
		{D3B0D6E9-5FC8-4963-A312-BE7AA93E0EC7}.Debug|Any CPU.Build.0 = Debug|Any CPU
		{D3B0D6E9-5FC8-4963-A312-BE7AA93E0EC7}.Release|Any CPU.ActiveCfg = Release|Any CPU
		{D3B0D6E9-5FC8-4963-A312-BE7AA93E0EC7}.Release|Any CPU.Build.0 = Release|Any CPU
		{847A1B31-C33C-48EB-B376-79F85DF004AE}.Debug|Any CPU.ActiveCfg = Debug|Any CPU
		{847A1B31-C33C-48EB-B376-79F85DF004AE}.Debug|Any CPU.Build.0 = Debug|Any CPU
		{847A1B31-C33C-48EB-B376-79F85DF004AE}.Release|Any CPU.ActiveCfg = Release|Any CPU
		{847A1B31-C33C-48EB-B376-79F85DF004AE}.Release|Any CPU.Build.0 = Release|Any CPU
		{B9F4C376-A66A-4776-8617-D339DDC60A61}.Debug|Any CPU.ActiveCfg = Debug|Any CPU
		{B9F4C376-A66A-4776-8617-D339DDC60A61}.Debug|Any CPU.Build.0 = Debug|Any CPU
		{B9F4C376-A66A-4776-8617-D339DDC60A61}.Release|Any CPU.ActiveCfg = Release|Any CPU
		{B9F4C376-A66A-4776-8617-D339DDC60A61}.Release|Any CPU.Build.0 = Release|Any CPU
	EndGlobalSection
	GlobalSection(SolutionProperties) = preSolution
		HideSolutionNode = FALSE
	EndGlobalSection
	GlobalSection(ExtensibilityGlobals) = postSolution
		SolutionGuid = {793A093C-9EC9-4D54-BB04-46E283B72F1C}
	EndGlobalSection
EndGlobal
